
Microsoft Visual Studio Solution File, Format Version 12.00
# Visual Studio Version 17
VisualStudioVersion = 17.1.32328.378
MinimumVisualStudioVersion = 10.0.40219.1
Project("{9A19103F-16F7-4668-BE54-9A1E7A4F7556}") = "UniversidadInterfaces", "UniversidadInterfaces.csproj", "{519CF175-1D9A-4068-8A4A-D090DB147209}"
EndProject
Global
	GlobalSection(SolutionConfigurationPlatforms) = preSolution
		Debug|Any CPU = Debug|Any CPU
		Release|Any CPU = Release|Any CPU
	EndGlobalSection
	GlobalSection(ProjectConfigurationPlatforms) = postSolution
		{519CF175-1D9A-4068-8A4A-D090DB147209}.Debug|Any CPU.ActiveCfg = Debug|Any CPU
		{519CF175-1D9A-4068-8A4A-D090DB147209}.Debug|Any CPU.Build.0 = Debug|Any CPU
		{519CF175-1D9A-4068-8A4A-D090DB147209}.Release|Any CPU.ActiveCfg = Release|Any CPU
		{519CF175-1D9A-4068-8A4A-D090DB147209}.Release|Any CPU.Build.0 = Release|Any CPU
	EndGlobalSection
	GlobalSection(SolutionProperties) = preSolution
		HideSolutionNode = FALSE
	EndGlobalSection
	GlobalSection(ExtensibilityGlobals) = postSolution
		SolutionGuid = {F71ABD85-DDFF-493B-BE94-A376DEF36FE3}
	EndGlobalSection
EndGlobal
